
Microsoft Visual Studio Solution File, Format Version 12.00
# Visual Studio 15
VisualStudioVersion = 15.0.27130.2027
MinimumVisualStudioVersion = 10.0.40219.1
Project("{9A19103F-16F7-4668-BE54-9A1E7A4F7556}") = "SmartFreeze", "SmartFreeze\SmartFreeze.csproj", "{00A7823D-6A54-4903-97CE-FC4CAC634837}"
EndProject
Project("{9A19103F-16F7-4668-BE54-9A1E7A4F7556}") = "SmartFreezeFA", "SmartFreezeFA\SmartFreezeFA.csproj", "{155B739E-3ABC-4346-9AC2-865CB3BB5A6A}"
EndProject
Project("{9A19103F-16F7-4668-BE54-9A1E7A4F7556}") = "WeatherLibrary", "WeatherLibrary\WeatherLibrary.csproj", "{42C9B9AA-6D44-4A9B-8F48-546089822759}"
EndProject
Project("{9A19103F-16F7-4668-BE54-9A1E7A4F7556}") = "WeatherLibrary.Tests", "WeatherLibrary.Tests\WeatherLibrary.Tests.csproj", "{95B8D259-AA53-41B1-BF86-5068F76F804D}"
EndProject
Project("{FAE04EC0-301F-11D3-BF4B-00C04F79EFBC}") = "SmartFreezeFA.Tests", "SmartFreezeFA.Tests\SmartFreezeFA.Tests.csproj", "{4EAF1542-92B6-44C7-9DFE-B1BACA63E0E2}"
EndProject
Project("{9A19103F-16F7-4668-BE54-9A1E7A4F7556}") = "SmartFreeze.Tests", "SmartFreeze.Tests\SmartFreeze.Tests.csproj", "{8DB61E74-8C50-462A-815C-57740A26A714}"
EndProject
Project("{9A19103F-16F7-4668-BE54-9A1E7A4F7556}") = "TempEventHubProcessingFA", "TempEventHubProcessingFA\TempEventHubProcessingFA.csproj", "{E66A7C51-2D79-42AC-AD2D-886A325795E8}"
EndProject
Project("{9A19103F-16F7-4668-BE54-9A1E7A4F7556}") = "SmartFreezeScheduleFA", "SmartFreezeScheduleFA\SmartFreezeScheduleFA.csproj", "{8FDE3FA3-BDDA-443D-AAAD-9493F27226F8}"
EndProject
Project("{FAE04EC0-301F-11D3-BF4B-00C04F79EFBC}") = "SmartFreezeScheduleFA.Tests", "SmartFreezeScheduleFA.Tests\SmartFreezeScheduleFA.Tests.csproj", "{197B0895-A236-4B82-B8B5-0E6EC9375F08}"
EndProject
Global
	GlobalSection(SolutionConfigurationPlatforms) = preSolution
		Debug|Any CPU = Debug|Any CPU
		Release|Any CPU = Release|Any CPU
	EndGlobalSection
	GlobalSection(ProjectConfigurationPlatforms) = postSolution
		{00A7823D-6A54-4903-97CE-FC4CAC634837}.Debug|Any CPU.ActiveCfg = Debug|Any CPU
		{00A7823D-6A54-4903-97CE-FC4CAC634837}.Debug|Any CPU.Build.0 = Debug|Any CPU
		{00A7823D-6A54-4903-97CE-FC4CAC634837}.Release|Any CPU.ActiveCfg = Release|Any CPU
		{00A7823D-6A54-4903-97CE-FC4CAC634837}.Release|Any CPU.Build.0 = Release|Any CPU
		{155B739E-3ABC-4346-9AC2-865CB3BB5A6A}.Debug|Any CPU.ActiveCfg = Debug|Any CPU
		{155B739E-3ABC-4346-9AC2-865CB3BB5A6A}.Debug|Any CPU.Build.0 = Debug|Any CPU
		{155B739E-3ABC-4346-9AC2-865CB3BB5A6A}.Release|Any CPU.ActiveCfg = Release|Any CPU
		{155B739E-3ABC-4346-9AC2-865CB3BB5A6A}.Release|Any CPU.Build.0 = Release|Any CPU
		{42C9B9AA-6D44-4A9B-8F48-546089822759}.Debug|Any CPU.ActiveCfg = Debug|Any CPU
		{42C9B9AA-6D44-4A9B-8F48-546089822759}.Debug|Any CPU.Build.0 = Debug|Any CPU
		{42C9B9AA-6D44-4A9B-8F48-546089822759}.Release|Any CPU.ActiveCfg = Release|Any CPU
		{42C9B9AA-6D44-4A9B-8F48-546089822759}.Release|Any CPU.Build.0 = Release|Any CPU
		{95B8D259-AA53-41B1-BF86-5068F76F804D}.Debug|Any CPU.ActiveCfg = Debug|Any CPU
		{95B8D259-AA53-41B1-BF86-5068F76F804D}.Debug|Any CPU.Build.0 = Debug|Any CPU
		{95B8D259-AA53-41B1-BF86-5068F76F804D}.Release|Any CPU.ActiveCfg = Release|Any CPU
		{95B8D259-AA53-41B1-BF86-5068F76F804D}.Release|Any CPU.Build.0 = Release|Any CPU
		{4EAF1542-92B6-44C7-9DFE-B1BACA63E0E2}.Debug|Any CPU.ActiveCfg = Debug|Any CPU
		{4EAF1542-92B6-44C7-9DFE-B1BACA63E0E2}.Debug|Any CPU.Build.0 = Debug|Any CPU
		{4EAF1542-92B6-44C7-9DFE-B1BACA63E0E2}.Release|Any CPU.ActiveCfg = Release|Any CPU
		{4EAF1542-92B6-44C7-9DFE-B1BACA63E0E2}.Release|Any CPU.Build.0 = Release|Any CPU
		{8DB61E74-8C50-462A-815C-57740A26A714}.Debug|Any CPU.ActiveCfg = Debug|Any CPU
		{8DB61E74-8C50-462A-815C-57740A26A714}.Debug|Any CPU.Build.0 = Debug|Any CPU
		{8DB61E74-8C50-462A-815C-57740A26A714}.Release|Any CPU.ActiveCfg = Release|Any CPU
		{8DB61E74-8C50-462A-815C-57740A26A714}.Release|Any CPU.Build.0 = Release|Any CPU
		{E66A7C51-2D79-42AC-AD2D-886A325795E8}.Debug|Any CPU.ActiveCfg = Debug|Any CPU
		{E66A7C51-2D79-42AC-AD2D-886A325795E8}.Debug|Any CPU.Build.0 = Debug|Any CPU
		{E66A7C51-2D79-42AC-AD2D-886A325795E8}.Release|Any CPU.ActiveCfg = Release|Any CPU
		{E66A7C51-2D79-42AC-AD2D-886A325795E8}.Release|Any CPU.Build.0 = Release|Any CPU
		{8FDE3FA3-BDDA-443D-AAAD-9493F27226F8}.Debug|Any CPU.ActiveCfg = Debug|Any CPU
		{8FDE3FA3-BDDA-443D-AAAD-9493F27226F8}.Debug|Any CPU.Build.0 = Debug|Any CPU
		{8FDE3FA3-BDDA-443D-AAAD-9493F27226F8}.Release|Any CPU.ActiveCfg = Release|Any CPU
		{8FDE3FA3-BDDA-443D-AAAD-9493F27226F8}.Release|Any CPU.Build.0 = Release|Any CPU
		{197B0895-A236-4B82-B8B5-0E6EC9375F08}.Debug|Any CPU.ActiveCfg = Debug|Any CPU
		{197B0895-A236-4B82-B8B5-0E6EC9375F08}.Debug|Any CPU.Build.0 = Debug|Any CPU
		{197B0895-A236-4B82-B8B5-0E6EC9375F08}.Release|Any CPU.ActiveCfg = Release|Any CPU
		{197B0895-A236-4B82-B8B5-0E6EC9375F08}.Release|Any CPU.Build.0 = Release|Any CPU
	EndGlobalSection
	GlobalSection(SolutionProperties) = preSolution
		HideSolutionNode = FALSE
	EndGlobalSection
	GlobalSection(ExtensibilityGlobals) = postSolution
		SolutionGuid = {C1AAD156-AC8E-4557-89C7-7B84C5F797AF}
	EndGlobalSection
EndGlobal
